// !$*UTF8*$!
{
	archiveVersion = 1;
	classes = {
	};
	objectVersion = 50;
	objects = {

/* Begin PBXBuildFile section */
		FE0510CF223B827C0028CDDD /* AppDelegate.m in Sources */ = {isa = PBXBuildFile; fileRef = FE0510CE223B827C0028CDDD /* AppDelegate.m */; };
		FE0510D2223B827C0028CDDD /* ViewController.m in Sources */ = {isa = PBXBuildFile; fileRef = FE0510D1223B827C0028CDDD /* ViewController.m */; };
		FE0510D5223B827C0028CDDD /* Main.storyboard in Resources */ = {isa = PBXBuildFile; fileRef = FE0510D3223B827C0028CDDD /* Main.storyboard */; };
		FE0510D7223B82800028CDDD /* Assets.xcassets in Resources */ = {isa = PBXBuildFile; fileRef = FE0510D6223B82800028CDDD /* Assets.xcassets */; };
		FE0510DA223B82800028CDDD /* LaunchScreen.storyboard in Resources */ = {isa = PBXBuildFile; fileRef = FE0510D8223B82800028CDDD /* LaunchScreen.storyboard */; };
		FE0510DD223B82800028CDDD /* main.m in Sources */ = {isa = PBXBuildFile; fileRef = FE0510DC223B82800028CDDD /* main.m */; };
/* End PBXBuildFile section */

/* Begin PBXFileReference section */
		FE0510CA223B827C0028CDDD /* SBRF-Swift+ObjC.app */ = {isa = PBXFileReference; explicitFileType = wrapper.application; includeInIndex = 0; path = "SBRF-Swift+ObjC.app"; sourceTree = BUILT_PRODUCTS_DIR; };
		FE0510CD223B827C0028CDDD /* AppDelegate.h */ = {isa = PBXFileReference; lastKnownFileType = sourcecode.c.h; path = AppDelegate.h; sourceTree = "<group>"; };
		FE0510CE223B827C0028CDDD /* AppDelegate.m */ = {isa = PBXFileReference; lastKnownFileType = sourcecode.c.objc; path = AppDelegate.m; sourceTree = "<group>"; };
		FE0510D0223B827C0028CDDD /* ViewController.h */ = {isa = PBXFileReference; lastKnownFileType = sourcecode.c.h; path = ViewController.h; sourceTree = "<group>"; };
		FE0510D1223B827C0028CDDD /* ViewController.m */ = {isa = PBXFileReference; lastKnownFileType = sourcecode.c.objc; path = ViewController.m; sourceTree = "<group>"; };
		FE0510D4223B827C0028CDDD /* Base */ = {isa = PBXFileReference; lastKnownFileType = file.storyboard; name = Base; path = Base.lproj/Main.storyboard; sourceTree = "<group>"; };
		FE0510D6223B82800028CDDD /* Assets.xcassets */ = {isa = PBXFileReference; lastKnownFileType = folder.assetcatalog; path = Assets.xcassets; sourceTree = "<group>"; };
		FE0510D9223B82800028CDDD /* Base */ = {isa = PBXFileReference; lastKnownFileType = file.storyboard; name = Base; path = Base.lproj/LaunchScreen.storyboard; sourceTree = "<group>"; };
		FE0510DB223B82800028CDDD /* Info.plist */ = {isa = PBXFileReference; lastKnownFileType = text.plist.xml; path = Info.plist; sourceTree = "<group>"; };
		FE0510DC223B82800028CDDD /* main.m */ = {isa = PBXFileReference; lastKnownFileType = sourcecode.c.objc; path = main.m; sourceTree = "<group>"; };
/* End PBXFileReference section */

/* Begin PBXFrameworksBuildPhase section */
		FE0510C7223B827C0028CDDD /* Frameworks */ = {
			isa = PBXFrameworksBuildPhase;
			buildActionMask = 2147483647;
			files = (
			);
			runOnlyForDeploymentPostprocessing = 0;
		};
/* End PBXFrameworksBuildPhase section */

/* Begin PBXGroup section */
		FE0510C1223B827C0028CDDD = {
			isa = PBXGroup;
			children = (
				FE0510CC223B827C0028CDDD /* SBRF-Swift+ObjC */,
				FE0510CB223B827C0028CDDD /* Products */,
			);
			sourceTree = "<group>";
		};
		FE0510CB223B827C0028CDDD /* Products */ = {
			isa = PBXGroup;
			children = (
				FE0510CA223B827C0028CDDD /* SBRF-Swift+ObjC.app */,
			);
			name = Products;
			sourceTree = "<group>";
		};
		FE0510CC223B827C0028CDDD /* SBRF-Swift+ObjC */ = {
			isa = PBXGroup;
			children = (
				FE0510CD223B827C0028CDDD /* AppDelegate.h */,
				FE0510CE223B827C0028CDDD /* AppDelegate.m */,
				FE0510D0223B827C0028CDDD /* ViewController.h */,
				FE0510D1223B827C0028CDDD /* ViewController.m */,
				FE0510D3223B827C0028CDDD /* Main.storyboard */,
				FE0510D6223B82800028CDDD /* Assets.xcassets */,
				FE0510D8223B82800028CDDD /* LaunchScreen.storyboard */,
				FE0510DB223B82800028CDDD /* Info.plist */,
				FE0510DC223B82800028CDDD /* main.m */,
			);
			path = "SBRF-Swift+ObjC";
			sourceTree = "<group>";
		};
/* End PBXGroup section */

/* Begin PBXNativeTarget section */
		FE0510C9223B827C0028CDDD /* SBRF-Swift+ObjC */ = {
			isa = PBXNativeTarget;
			buildConfigurationList = FE0510E0223B82800028CDDD /* Build configuration list for PBXNativeTarget "SBRF-Swift+ObjC" */;
			buildPhases = (
				FE0510C6223B827C0028CDDD /* Sources */,
				FE0510C7223B827C0028CDDD /* Frameworks */,
				FE0510C8223B827C0028CDDD /* Resources */,
			);
			buildRules = (
			);
			dependencies = (
			);
			name = "SBRF-Swift+ObjC";
			productName = "SBRF-Swift+ObjC";
			productReference = FE0510CA223B827C0028CDDD /* SBRF-Swift+ObjC.app */;
			productType = "com.apple.product-type.application";
		};
/* End PBXNativeTarget section */

/* Begin PBXProject section */
		FE0510C2223B827C0028CDDD /* Project object */ = {
			isa = PBXProject;
			attributes = {
				LastUpgradeCheck = 1010;
				ORGANIZATIONNAME = pockerhead;
				TargetAttributes = {
					FE0510C9223B827C0028CDDD = {
						CreatedOnToolsVersion = 10.1;
					};
				};
			};
			buildConfigurationList = FE0510C5223B827C0028CDDD /* Build configuration list for PBXProject "SBRF-Swift+ObjC" */;
			compatibilityVersion = "Xcode 9.3";
			developmentRegion = en;
			hasScannedForEncodings = 0;
			knownRegions = (
				en,
				Base,
			);
			mainGroup = FE0510C1223B827C0028CDDD;
			productRefGroup = FE0510CB223B827C0028CDDD /* Products */;
			projectDirPath = "";
			projectRoot = "";
			targets = (
				FE0510C9223B827C0028CDDD /* SBRF-Swift+ObjC */,
			);
		};
/* End PBXProject section */

/* Begin PBXResourcesBuildPhase section */
		FE0510C8223B827C0028CDDD /* Resources */ = {
			isa = PBXResourcesBuildPhase;
			buildActionMask = 2147483647;
			files = (
				FE0510DA223B82800028CDDD /* LaunchScreen.storyboard in Resources */,
				FE0510D7223B82800028CDDD /* Assets.xcassets in Resources */,
				FE0510D5223B827C0028CDDD /* Main.storyboard in Resources */,
			);
			runOnlyForDeploymentPostprocessing = 0;
		};
/* End PBXResourcesBuildPhase section */

/* Begin PBXSourcesBuildPhase section */
		FE0510C6223B827C0028CDDD /* Sources */ = {
			isa = PBXSourcesBuildPhase;
			buildActionMask = 2147483647;
			files = (
				FE0510D2223B827C0028CDDD /* ViewController.m in Sources */,
				FE0510DD223B82800028CDDD /* main.m in Sources */,
				FE0510CF223B827C0028CDDD /* AppDelegate.m in Sources */,
			);
			runOnlyForDeploymentPostprocessing = 0;
		};
/* End PBXSourcesBuildPhase section */

/* Begin PBXVariantGroup section */
		FE0510D3223B827C0028CDDD /* Main.storyboard */ = {
			isa = PBXVariantGroup;
			children = (
				FE0510D4223B827C0028CDDD /* Base */,
			);
			name = Main.storyboard;
			sourceTree = "<group>";
		};
		FE0510D8223B82800028CDDD /* LaunchScreen.storyboard */ = {
			isa = PBXVariantGroup;
			children = (
				FE0510D9223B82800028CDDD /* Base */,
			);
			name = LaunchScreen.storyboard;
			sourceTree = "<group>";
		};
/* End PBXVariantGroup section */

/* Begin XCBuildConfiguration section */
		FE0510DE223B82800028CDDD /* Debug */ = {
			isa = XCBuildConfiguration;
			buildSettings = {
				ALWAYS_SEARCH_USER_PATHS = NO;
				CLANG_ANALYZER_NONNULL = YES;
				CLANG_ANALYZER_NUMBER_OBJECT_CONVERSION = YES_AGGRESSIVE;
				CLANG_CXX_LANGUAGE_STANDARD = "gnu++14";
				CLANG_CXX_LIBRARY = "libc++";
				CLANG_ENABLE_MODULES = YES;
				CLANG_ENABLE_OBJC_ARC = YES;
				CLANG_ENABLE_OBJC_WEAK = YES;
				CLANG_WARN_BLOCK_CAPTURE_AUTORELEASING = YES;
				CLANG_WARN_BOOL_CONVERSION = YES;
				CLANG_WARN_COMMA = YES;
				CLANG_WARN_CONSTANT_CONVERSION = YES;
				CLANG_WARN_DEPRECATED_OBJC_IMPLEMENTATIONS = YES;
				CLANG_WARN_DIRECT_OBJC_ISA_USAGE = YES_ERROR;
				CLANG_WARN_DOCUMENTATION_COMMENTS = YES;
				CLANG_WARN_EMPTY_BODY = YES;
				CLANG_WARN_ENUM_CONVERSION = YES;
				CLANG_WARN_INFINITE_RECURSION = YES;
				CLANG_WARN_INT_CONVERSION = YES;
				CLANG_WARN_NON_LITERAL_NULL_CONVERSION = YES;
				CLANG_WARN_OBJC_IMPLICIT_RETAIN_SELF = YES;
				CLANG_WARN_OBJC_LITERAL_CONVERSION = YES;
				CLANG_WARN_OBJC_ROOT_CLASS = YES_ERROR;
				CLANG_WARN_RANGE_LOOP_ANALYSIS = YES;
				CLANG_WARN_STRICT_PROTOTYPES = YES;
				CLANG_WARN_SUSPICIOUS_MOVE = YES;
				CLANG_WARN_UNGUARDED_AVAILABILITY = YES_AGGRESSIVE;
				CLANG_WARN_UNREACHABLE_CODE = YES;
				CLANG_WARN__DUPLICATE_METHOD_MATCH = YES;
				CODE_SIGN_IDENTITY = "iPhone Developer";
				COPY_PHASE_STRIP = NO;
				DEBUG_INFORMATION_FORMAT = dwarf;
				ENABLE_STRICT_OBJC_MSGSEND = YES;
				ENABLE_TESTABILITY = YES;
				GCC_C_LANGUAGE_STANDARD = gnu11;
				GCC_DYNAMIC_NO_PIC = NO;
				GCC_NO_COMMON_BLOCKS = YES;
				GCC_OPTIMIZATION_LEVEL = 0;
				GCC_PREPROCESSOR_DEFINITIONS = (
					"DEBUG=1",
					"$(inherited)",
				);
				GCC_WARN_64_TO_32_BIT_CONVERSION = YES;
				GCC_WARN_ABOUT_RETURN_TYPE = YES_ERROR;
				GCC_WARN_UNDECLARED_SELECTOR = YES;
				GCC_WARN_UNINITIALIZED_AUTOS = YES_AGGRESSIVE;
				GCC_WARN_UNUSED_FUNCTION = YES;
				GCC_WARN_UNUSED_VARIABLE = YES;
				IPHONEOS_DEPLOYMENT_TARGET = 12.1;
				MTL_ENABLE_DEBUG_INFO = INCLUDE_SOURCE;
				MTL_FAST_MATH = YES;
				ONLY_ACTIVE_ARCH = YES;
				SDKROOT = iphoneos;
			};
			name = Debug;
		};
		FE0510DF223B82800028CDDD /* Release */ = {
			isa = XCBuildConfiguration;
			buildSettings = {
				ALWAYS_SEARCH_USER_PATHS = NO;
				CLANG_ANALYZER_NONNULL = YES;
				CLANG_ANALYZER_NUMBER_OBJECT_CONVERSION = YES_AGGRESSIVE;
				CLANG_CXX_LANGUAGE_STANDARD = "gnu++14";
				CLANG_CXX_LIBRARY = "libc++";
				CLANG_ENABLE_MODULES = YES;
				CLANG_ENABLE_OBJC_ARC = YES;
				CLANG_ENABLE_OBJC_WEAK = YES;
				CLANG_WARN_BLOCK_CAPTURE_AUTORELEASING = YES;
				CLANG_WARN_BOOL_CONVERSION = YES;
				CLANG_WARN_COMMA = YES;
				CLANG_WARN_CONSTANT_CONVERSION = YES;
				CLANG_WARN_DEPRECATED_OBJC_IMPLEMENTATIONS = YES;
				CLANG_WARN_DIRECT_OBJC_ISA_USAGE = YES_ERROR;
				CLANG_WARN_DOCUMENTATION_COMMENTS = YES;
				CLANG_WARN_EMPTY_BODY = YES;
				CLANG_WARN_ENUM_CONVERSION = YES;
				CLANG_WARN_INFINITE_RECURSION = YES;
				CLANG_WARN_INT_CONVERSION = YES;
				CLANG_WARN_NON_LITERAL_NULL_CONVERSION = YES;
				CLANG_WARN_OBJC_IMPLICIT_RETAIN_SELF = YES;
				CLANG_WARN_OBJC_LITERAL_CONVERSION = YES;
				CLANG_WARN_OBJC_ROOT_CLASS = YES_ERROR;
				CLANG_WARN_RANGE_LOOP_ANALYSIS = YES;
				CLANG_WARN_STRICT_PROTOTYPES = YES;
				CLANG_WARN_SUSPICIOUS_MOVE = YES;
				CLANG_WARN_UNGUARDED_AVAILABILITY = YES_AGGRESSIVE;
				CLANG_WARN_UNREACHABLE_CODE = YES;
				CLANG_WARN__DUPLICATE_METHOD_MATCH = YES;
				CODE_SIGN_IDENTITY = "iPhone Developer";
				COPY_PHASE_STRIP = NO;
				DEBUG_INFORMATION_FORMAT = "dwarf-with-dsym";
				ENABLE_NS_ASSERTIONS = NO;
				ENABLE_STRICT_OBJC_MSGSEND = YES;
				GCC_C_LANGUAGE_STANDARD = gnu11;
				GCC_NO_COMMON_BLOCKS = YES;
				GCC_WARN_64_TO_32_BIT_CONVERSION = YES;
				GCC_WARN_ABOUT_RETURN_TYPE = YES_ERROR;
				GCC_WARN_UNDECLARED_SELECTOR = YES;
				GCC_WARN_UNINITIALIZED_AUTOS = YES_AGGRESSIVE;
				GCC_WARN_UNUSED_FUNCTION = YES;
				GCC_WARN_UNUSED_VARIABLE = YES;
				IPHONEOS_DEPLOYMENT_TARGET = 12.1;
				MTL_ENABLE_DEBUG_INFO = NO;
				MTL_FAST_MATH = YES;
				SDKROOT = iphoneos;
				VALIDATE_PRODUCT = YES;
			};
			name = Release;
		};
		FE0510E1223B82800028CDDD /* Debug */ = {
			isa = XCBuildConfiguration;
			buildSettings = {
				ASSETCATALOG_COMPILER_APPICON_NAME = AppIcon;
				CODE_SIGN_STYLE = Automatic;
				INFOPLIST_FILE = "SBRF-Swift+ObjC/Info.plist";
				LD_RUNPATH_SEARCH_PATHS = (
					"$(inherited)",
					"@executable_path/Frameworks",
				);
				PRODUCT_BUNDLE_IDENTIFIER = "com.pockerhead.SBRF-Swift-ObjC";
				PRODUCT_NAME = "$(TARGET_NAME)";
				TARGETED_DEVICE_FAMILY = "1,2";
			};
			name = Debug;
		};
		FE0510E2223B82800028CDDD /* Release */ = {
			isa = XCBuildConfiguration;
			buildSettings = {
				ASSETCATALOG_COMPILER_APPICON_NAME = AppIcon;
				CODE_SIGN_STYLE = Automatic;
				INFOPLIST_FILE = "SBRF-Swift+ObjC/Info.plist";
				LD_RUNPATH_SEARCH_PATHS = (
					"$(inherited)",
					"@executable_path/Frameworks",
				);
				PRODUCT_BUNDLE_IDENTIFIER = "com.pockerhead.SBRF-Swift-ObjC";
				PRODUCT_NAME = "$(TARGET_NAME)";
				TARGETED_DEVICE_FAMILY = "1,2";
			};
			name = Release;
		};
/* End XCBuildConfiguration section */

/* Begin XCConfigurationList section */
		FE0510C5223B827C0028CDDD /* Build configuration list for PBXProject "SBRF-Swift+ObjC" */ = {
			isa = XCConfigurationList;
			buildConfigurations = (
				FE0510DE223B82800028CDDD /* Debug */,
				FE0510DF223B82800028CDDD /* Release */,
			);
			defaultConfigurationIsVisible = 0;
			defaultConfigurationName = Release;
		};
		FE0510E0223B82800028CDDD /* Build configuration list for PBXNativeTarget "SBRF-Swift+ObjC" */ = {
			isa = XCConfigurationList;
			buildConfigurations = (
				FE0510E1223B82800028CDDD /* Debug */,
				FE0510E2223B82800028CDDD /* Release */,
			);
			defaultConfigurationIsVisible = 0;
			defaultConfigurationName = Release;
		};
/* End XCConfigurationList section */
	};
	rootObject = FE0510C2223B827C0028CDDD /* Project object */;
}
